
Microsoft Visual Studio Solution File, Format Version 12.00
# Visual Studio Version 17
VisualStudioVersion = 17.8.34601.278
MinimumVisualStudioVersion = 10.0.40219.1
Project("{FAE04EC0-301F-11D3-BF4B-00C04F79EFBC}") = "ArticulosWebApi", "ArticulosWebApi\ArticulosWebApi.csproj", "{1572FBF7-F86B-4775-B99F-179C3D200711}"
EndProject
Global
	GlobalSection(SolutionConfigurationPlatforms) = preSolution
		Debug|Any CPU = Debug|Any CPU
		Release|Any CPU = Release|Any CPU
	EndGlobalSection
	GlobalSection(ProjectConfigurationPlatforms) = postSolution
		{1572FBF7-F86B-4775-B99F-179C3D200711}.Debug|Any CPU.ActiveCfg = Debug|Any CPU
		{1572FBF7-F86B-4775-B99F-179C3D200711}.Debug|Any CPU.Build.0 = Debug|Any CPU
		{1572FBF7-F86B-4775-B99F-179C3D200711}.Release|Any CPU.ActiveCfg = Release|Any CPU
		{1572FBF7-F86B-4775-B99F-179C3D200711}.Release|Any CPU.Build.0 = Release|Any CPU
	EndGlobalSection
	GlobalSection(SolutionProperties) = preSolution
		HideSolutionNode = FALSE
	EndGlobalSection
	GlobalSection(ExtensibilityGlobals) = postSolution
		SolutionGuid = {5F396453-23B0-4E50-96D4-6E1ACA03FB16}
	EndGlobalSection
EndGlobal
